Microsoft Visual Studio Solution File, Format Version 12.00
# Visual Studio Version 17
VisualStudioVersion = 17.5.2.0
MinimumVisualStudioVersion = 10.0.40219.1
Project("{FAE04EC0-301F-11D3-BF4B-00C04F79EFBC}") = "Primer_Proyecto", "Primer_Proyecto.csproj", "{6168C9AD-80D2-FDEF-77DB-2741F2ABD0AB}"
EndProject
Global
	GlobalSection(SolutionConfigurationPlatforms) = preSolution
		Debug|Any CPU = Debug|Any CPU
		Release|Any CPU = Release|Any CPU
	EndGlobalSection
	GlobalSection(ProjectConfigurationPlatforms) = postSolution
		{6168C9AD-80D2-FDEF-77DB-2741F2ABD0AB}.Debug|Any CPU.ActiveCfg = Debug|Any CPU
		{6168C9AD-80D2-FDEF-77DB-2741F2ABD0AB}.Debug|Any CPU.Build.0 = Debug|Any CPU
		{6168C9AD-80D2-FDEF-77DB-2741F2ABD0AB}.Release|Any CPU.ActiveCfg = Release|Any CPU
		{6168C9AD-80D2-FDEF-77DB-2741F2ABD0AB}.Release|Any CPU.Build.0 = Release|Any CPU
	EndGlobalSection
	GlobalSection(SolutionProperties) = preSolution
		HideSolutionNode = FALSE
	EndGlobalSection
	GlobalSection(ExtensibilityGlobals) = postSolution
		SolutionGuid = {1BB5889E-7F61-4206-B9BF-E95CBA716324}
	EndGlobalSection
EndGlobal
